// !$*UTF8*$!
{
	archiveVersion = 1;
	classes = {
	};
	objectVersion = 46;
	objects = {

/* Begin PBXBuildFile section */
		A8FF48301D4C456F00773D34 /* main.cpp in Sources */ = {isa = PBXBuildFile; fileRef = A8FF482F1D4C456F00773D34 /* main.cpp */; };
/* End PBXBuildFile section */

/* Begin PBXCopyFilesBuildPhase section */
		A8FF482A1D4C456F00773D34 /* CopyFiles */ = {
			isa = PBXCopyFilesBuildPhase;
			buildActionMask = 2147483647;
			dstPath = /usr/share/man/man1/;
			dstSubfolderSpec = 0;
			files = (
			);
			runOnlyForDeploymentPostprocessing = 1;
		};
/* End PBXCopyFilesBuildPhase section */

/* Begin PBXFileReference section */
		A8FF482C1D4C456F00773D34 /* tutorialC++-Armstrong_number */ = {isa = PBXFileReference; explicitFileType = "compiled.mach-o.executable"; includeInIndex = 0; path = "tutorialC++-Armstrong_number"; sourceTree = BUILT_PRODUCTS_DIR; };
		A8FF482F1D4C456F00773D34 /* main.cpp */ = {isa = PBXFileReference; lastKnownFileType = sourcecode.cpp.cpp; path = main.cpp; sourceTree = "<group>"; };
/* End PBXFileReference section */

/* Begin PBXFrameworksBuildPhase section */
		A8FF48291D4C456F00773D34 /* Frameworks */ = {
			isa = PBXFrameworksBuildPhase;
			buildActionMask = 2147483647;
			files = (
			);
			runOnlyForDeploymentPostprocessing = 0;
		};
/* End PBXFrameworksBuildPhase section */

/* Begin PBXGroup section */
		A8FF48231D4C456F00773D34 = {
			isa = PBXGroup;
			children = (
				A8FF482E1D4C456F00773D34 /* tutorialC++-Armstrong_number */,
				A8FF482D1D4C456F00773D34 /* Products */,
			);
			sourceTree = "<group>";
		};
		A8FF482D1D4C456F00773D34 /* Products */ = {
			isa = PBXGroup;
			children = (
				A8FF482C1D4C456F00773D34 /* tutorialC++-Armstrong_number */,
			);
			name = Products;
			sourceTree = "<group>";
		};
		A8FF482E1D4C456F00773D34 /* tutorialC++-Armstrong_number */ = {
			isa = PBXGroup;
			children = (
				A8FF482F1D4C456F00773D34 /* main.cpp */,
			);
			path = "tutorialC++-Armstrong_number";
			sourceTree = "<group>";
		};
/* End PBXGroup section */

/* Begin PBXNativeTarget section */
		A8FF482B1D4C456F00773D34 /* tutorialC++-Armstrong_number */ = {
			isa = PBXNativeTarget;
			buildConfigurationList = A8FF48331D4C456F00773D34 /* Build configuration list for PBXNativeTarget "tutorialC++-Armstrong_number" */;
			buildPhases = (
				A8FF48281D4C456F00773D34 /* Sources */,
				A8FF48291D4C456F00773D34 /* Frameworks */,
				A8FF482A1D4C456F00773D34 /* CopyFiles */,
			);
			buildRules = (
			);
			dependencies = (
			);
			name = "tutorialC++-Armstrong_number";
			productName = "tutorialC++-Armstrong_number";
			productReference = A8FF482C1D4C456F00773D34 /* tutorialC++-Armstrong_number */;
			productType = "com.apple.product-type.tool";
		};
/* End PBXNativeTarget section */

/* Begin PBXProject section */
		A8FF48241D4C456F00773D34 /* Project object */ = {
			isa = PBXProject;
			attributes = {
				LastUpgradeCheck = 0720;
				ORGANIZATIONNAME = WeiTingChen;
				TargetAttributes = {
					A8FF482B1D4C456F00773D34 = {
						CreatedOnToolsVersion = 7.2;
					};
				};
			};
			buildConfigurationList = A8FF48271D4C456F00773D34 /* Build configuration list for PBXProject "tutorialC++-Armstrong_number" */;
			compatibilityVersion = "Xcode 3.2";
			developmentRegion = English;
			hasScannedForEncodings = 0;
			knownRegions = (
				en,
			);
			mainGroup = A8FF48231D4C456F00773D34;
			productRefGroup = A8FF482D1D4C456F00773D34 /* Products */;
			projectDirPath = "";
			projectRoot = "";
			targets = (
				A8FF482B1D4C456F00773D34 /* tutorialC++-Armstrong_number */,
			);
		};
/* End PBXProject section */

/* Begin PBXSourcesBuildPhase section */
		A8FF48281D4C456F00773D34 /* Sources */ = {
			isa = PBXSourcesBuildPhase;
			buildActionMask = 2147483647;
			files = (
				A8FF48301D4C456F00773D34 /* main.cpp in Sources */,
			);
			runOnlyForDeploymentPostprocessing = 0;
		};
/* End PBXSourcesBuildPhase section */

/* Begin XCBuildConfiguration section */
		A8FF48311D4C456F00773D34 /* Debug */ = {
			isa = XCBuildConfiguration;
			buildSettings = {
				ALWAYS_SEARCH_USER_PATHS = NO;
				CLANG_CXX_LANGUAGE_STANDARD = "gnu++0x";
				CLANG_CXX_LIBRARY = "libc++";
				CLANG_ENABLE_MODULES = YES;
				CLANG_ENABLE_OBJC_ARC = YES;
				CLANG_WARN_BOOL_CONVERSION = YES;
				CLANG_WARN_CONSTANT_CONVERSION = YES;
				CLANG_WARN_DIRECT_OBJC_ISA_USAGE = YES_ERROR;
				CLANG_WARN_EMPTY_BODY = YES;
				CLANG_WARN_ENUM_CONVERSION = YES;
				CLANG_WARN_INT_CONVERSION = YES;
				CLANG_WARN_OBJC_ROOT_CLASS = YES_ERROR;
				CLANG_WARN_UNREACHABLE_CODE = YES;
				CLANG_WARN__DUPLICATE_METHOD_MATCH = YES;
				CODE_SIGN_IDENTITY = "-";
				COPY_PHASE_STRIP = NO;
				DEBUG_INFORMATION_FORMAT = dwarf;
				ENABLE_STRICT_OBJC_MSGSEND = YES;
				ENABLE_TESTABILITY = YES;
				GCC_C_LANGUAGE_STANDARD = gnu99;
				GCC_DYNAMIC_NO_PIC = NO;
				GCC_NO_COMMON_BLOCKS = YES;
				GCC_OPTIMIZATION_LEVEL = 0;
				GCC_PREPROCESSOR_DEFINITIONS = (
					"DEBUG=1",
					"$(inherited)",
				);
				GCC_WARN_64_TO_32_BIT_CONVERSION = YES;
				GCC_WARN_ABOUT_RETURN_TYPE = YES_ERROR;
				GCC_WARN_UNDECLARED_SELECTOR = YES;
				GCC_WARN_UNINITIALIZED_AUTOS = YES_AGGRESSIVE;
				GCC_WARN_UNUSED_FUNCTION = YES;
				GCC_WARN_UNUSED_VARIABLE = YES;
				MACOSX_DEPLOYMENT_TARGET = 10.10;
				MTL_ENABLE_DEBUG_INFO = YES;
				ONLY_ACTIVE_ARCH = YES;
				SDKROOT = macosx;
			};
			name = Debug;
		};
		A8FF48321D4C456F00773D34 /* Release */ = {
			isa = XCBuildConfiguration;
			buildSettings = {
				ALWAYS_SEARCH_USER_PATHS = NO;
				CLANG_CXX_LANGUAGE_STANDARD = "gnu++0x";
				CLANG_CXX_LIBRARY = "libc++";
				CLANG_ENABLE_MODULES = YES;
				CLANG_ENABLE_OBJC_ARC = YES;
				CLANG_WARN_BOOL_CONVERSION = YES;
				CLANG_WARN_CONSTANT_CONVERSION = YES;
				CLANG_WARN_DIRECT_OBJC_ISA_USAGE = YES_ERROR;
				CLANG_WARN_EMPTY_BODY = YES;
				CLANG_WARN_ENUM_CONVERSION = YES;
				CLANG_WARN_INT_CONVERSION = YES;
				CLANG_WARN_OBJC_ROOT_CLASS = YES_ERROR;
				CLANG_WARN_UNREACHABLE_CODE = YES;
				CLANG_WARN__DUPLICATE_METHOD_MATCH = YES;
				CODE_SIGN_IDENTITY = "-";
				COPY_PHASE_STRIP = NO;
				DEBUG_INFORMATION_FORMAT = "dwarf-with-dsym";
				ENABLE_NS_ASSERTIONS = NO;
				ENABLE_STRICT_OBJC_MSGSEND = YES;
				GCC_C_LANGUAGE_STANDARD = gnu99;
				GCC_NO_COMMON_BLOCKS = YES;
				GCC_WARN_64_TO_32_BIT_CONVERSION = YES;
				GCC_WARN_ABOUT_RETURN_TYPE = YES_ERROR;
				GCC_WARN_UNDECLARED_SELECTOR = YES;
				GCC_WARN_UNINITIALIZED_AUTOS = YES_AGGRESSIVE;
				GCC_WARN_UNUSED_FUNCTION = YES;
				GCC_WARN_UNUSED_VARIABLE = YES;
				MACOSX_DEPLOYMENT_TARGET = 10.10;
				MTL_ENABLE_DEBUG_INFO = NO;
				SDKROOT = macosx;
			};
			name = Release;
		};
		A8FF48341D4C456F00773D34 /* Debug */ = {
			isa = XCBuildConfiguration;
			buildSettings = {
				PRODUCT_NAME = "$(TARGET_NAME)";
			};
			name = Debug;
		};
		A8FF48351D4C456F00773D34 /* Release */ = {
			isa = XCBuildConfiguration;
			buildSettings = {
				PRODUCT_NAME = "$(TARGET_NAME)";
			};
			name = Release;
		};
/* End XCBuildConfiguration section */

/* Begin XCConfigurationList section */
		A8FF48271D4C456F00773D34 /* Build configuration list for PBXProject "tutorialC++-Armstrong_number" */ = {
			isa = XCConfigurationList;
			buildConfigurations = (
				A8FF48311D4C456F00773D34 /* Debug */,
				A8FF48321D4C456F00773D34 /* Release */,
			);
			defaultConfigurationIsVisible = 0;
			defaultConfigurationName = Release;
		};
		A8FF48331D4C456F00773D34 /* Build configuration list for PBXNativeTarget "tutorialC++-Armstrong_number" */ = {
			isa = XCConfigurationList;
			buildConfigurations = (
				A8FF48341D4C456F00773D34 /* Debug */,
				A8FF48351D4C456F00773D34 /* Release */,
			);
			defaultConfigurationIsVisible = 0;
		};
/* End XCConfigurationList section */
	};
	rootObject = A8FF48241D4C456F00773D34 /* Project object */;
}
